{
  "name": "rea-federado-frontend",
  "version": "1.0.0",
  "lockfileVersion": 3,
  "requires": true,
  "packages": {
    "": {
      "name": "rea-federado-frontend",
      "version": "1.0.0",
      "dependencies": {
        "@intlify/devtools-types": "^11.4.2",
        "@vitejs/plugin-vue": "latest",
        "lucide-vue-next": "latest",
        "pinia": "latest",
        "sweetalert2": "latest",
        "typescript": "latest",
        "vite": "latest",
        "vue": "latest",
        "vue-i18n": "11.1.12",
        "vue-router": "latest"
      },
      "devDependencies": {
        "vue-tsc": "latest"
      }
    },
    "node_modules/@babel/helper-string-parser": {
      "version": "7.29.7",
      "license": "MIT",
      "engines": {
        "node": ">=6.9.0"
      }
    },
    "node_modules/@babel/helper-validator-identifier": {
      "version": "7.29.7",
      "license": "MIT",
      "engines": {
        "node": ">=6.9.0"
      }
    },
    "node_modules/@babel/parser": {
      "version": "7.29.9",
      "license": "MIT",
      "dependencies": {
        "@babel/types": "^7.29.8"
      },
      "bin": {
        "parser": "bin/babel-parser.js"
      },
      "engines": {
        "node": ">=6.0.0"
      }
    },
    "node_modules/@babel/types": {
      "version": "7.29.8",
      "license": "MIT",
      "dependencies": {
        "@babel/helper-string-parser": "^7.29.7",
        "@babel/helper-validator-identifier": "^7.29.7"
      },
      "engines": {
        "node": ">=6.9.0"
      }
    },
    "node_modules/@intlify/core-base": {
      "version": "11.1.12",
      "resolved": "https://registry.npmjs.org/@intlify/core-base/-/core-base-11.1.12.tgz",
      "integrity": "sha512-whh0trqRsSqVLNEUCwU59pyJZYpU8AmSWl8M3Jz2Mv5ESPP6kFh4juas2NpZ1iCvy7GlNRffUD1xr84gceimjg==",
      "license": "MIT",
      "dependencies": {
        "@intlify/message-compiler": "11.1.12",
        "@intlify/shared": "11.1.12"
      },
      "engines": {
        "node": ">= 16"
      },
      "funding": {
        "url": "https://github.com/sponsors/kazupon"
      }
    },
    "node_modules/@intlify/devtools-types": {
      "version": "11.4.2",
      "resolved": "https://registry.npmjs.org/@intlify/devtools-types/-/devtools-types-11.4.2.tgz",
      "integrity": "sha512-3u8EN1kB6EMSi96KXs5k7a8y2X2g4+h3X6iwVZU47cP4n+mTuq//WMjG588BzSp/2XQ/dTXo2BLUXX+XS+PNfA==",
      "license": "MIT",
      "dependencies": {
        "@intlify/core-base": "11.4.2",
        "@intlify/shared": "11.4.2"
      },
      "engines": {
        "node": ">= 16"
      },
      "funding": {
        "url": "https://github.com/sponsors/kazupon"
      }
    },
    "node_modules/@intlify/devtools-types/node_modules/@intlify/core-base": {
      "version": "11.4.2",
      "resolved": "https://registry.npmjs.org/@intlify/core-base/-/core-base-11.4.2.tgz",
      "integrity": "sha512-7fpuCcVmeLv2T9qHsARqGvh8xt+sV2fH+Q+gMHFwB/rPXzo85DpbJFKn7dBH1L5p0c2cSh2DW+2h/64EKrISmA==",
      "license": "MIT",
      "dependencies": {
        "@intlify/devtools-types": "11.4.2",
        "@intlify/message-compiler": "11.4.2",
        "@intlify/shared": "11.4.2"
      },
      "engines": {
        "node": ">= 16"
      },
      "funding": {
        "url": "https://github.com/sponsors/kazupon"
      }
    },
    "node_modules/@intlify/devtools-types/node_modules/@intlify/message-compiler": {
      "version": "11.4.2",
      "resolved": "https://registry.npmjs.org/@intlify/message-compiler/-/message-compiler-11.4.2.tgz",
      "integrity": "sha512-a6CDSGSMTGrg0BjD97x8TBYPf7qQMDlZipJ6UDfv/pd4OIym8TMlHu3MsH0bTNnRdAG2D6EFEykIgiQPqvtTkA==",
      "license": "MIT",
      "dependencies": {
        "@intlify/shared": "11.4.2",
        "source-map-js": "^1.0.2"
      },
      "engines": {
        "node": ">= 16"
      },
      "funding": {
        "url": "https://github.com/sponsors/kazupon"
      }
    },
    "node_modules/@intlify/devtools-types/node_modules/@intlify/shared": {
      "version": "11.4.2",
      "resolved": "https://registry.npmjs.org/@intlify/shared/-/shared-11.4.2.tgz",
      "integrity": "sha512-NzpHbguRCsOHDwxmlBa9qu/imc+/QWgsYUaK6FZeNC0wK8QfAbhqrktEp/haVzxU1aikH8IX4ytD+mfFEMi/9A==",
      "license": "MIT",
      "engines": {
        "node": ">= 16"
      },
      "funding": {
        "url": "https://github.com/sponsors/kazupon"
      }
    },
    "node_modules/@intlify/message-compiler": {
      "version": "11.1.12",
      "resolved": "https://registry.npmjs.org/@intlify/message-compiler/-/message-compiler-11.1.12.tgz",
      "integrity": "sha512-Fv9iQSJoJaXl4ZGkOCN1LDM3trzze0AS2zRz2EHLiwenwL6t0Ki9KySYlyr27yVOj5aVz0e55JePO+kELIvfdQ==",
      "license": "MIT",
      "dependencies": {
        "@intlify/shared": "11.1.12",
        "source-map-js": "^1.0.2"
      },
      "engines": {
        "node": ">= 16"
      },
      "funding": {
        "url": "https://github.com/sponsors/kazupon"
      }
    },
    "node_modules/@intlify/shared": {
      "version": "11.1.12",
      "resolved": "https://registry.npmjs.org/@intlify/shared/-/shared-11.1.12.tgz",
      "integrity": "sha512-Om86EjuQtA69hdNj3GQec9ZC0L0vPSAnXzB3gP/gyJ7+mA7t06d9aOAiqMZ+xEOsumGP4eEBlfl8zF2LOTzf2A==",
      "license": "MIT",
      "engines": {
        "node": ">= 16"
      },
      "funding": {
        "url": "https://github.com/sponsors/kazupon"
      }
    },
    "node_modules/@jridgewell/gen-mapping": {
      "version": "0.3.13",
      "license": "MIT",
      "dependencies": {
        "@jridgewell/sourcemap-codec": "^1.5.0",
        "@jridgewell/trace-mapping": "^0.3.24"
      }
    },
    "node_modules/@jridgewell/remapping": {
      "version": "2.3.5",
      "license": "MIT",
      "dependencies": {
        "@jridgewell/gen-mapping": "^0.3.5",
        "@jridgewell/trace-mapping": "^0.3.24"
      }
    },
    "node_modules/@jridgewell/resolve-uri": {
      "version": "3.1.2",
      "license": "MIT",
      "engines": {
        "node": ">=6.0.0"
      }
    },
    "node_modules/@jridgewell/sourcemap-codec": {
      "version": "1.6.0",
      "license": "MIT"
    },
    "node_modules/@jridgewell/trace-mapping": {
      "version": "0.3.31",
      "license": "MIT",
      "dependencies": {
        "@jridgewell/resolve-uri": "^3.1.0",
        "@jridgewell/sourcemap-codec": "^1.4.14"
      }
    },
    "node_modules/@oxc-project/types": {
      "version": "0.152.0",
      "license": "MIT",
      "funding": {
        "url": "https://github.com/sponsors/oxc-project"
      }
    },
    "node_modules/@rolldown/binding-darwin-arm64": {
      "version": "1.2.12",
      "cpu": [
        "arm64"
      ],
      "license": "MIT",
      "optional": true,
      "os": [
        "darwin"
      ],
      "engines": {
        "node": "^20.19.0 || >=22.12.0"
      }
    },
    "node_modules/@rolldown/pluginutils": {
      "version": "1.0.1",
      "license": "MIT"
    },
    "node_modules/@types/node": {
      "version": "26.6.4",
      "license": "MIT",
      "optional": true,
      "peer": true,
      "dependencies": {
        "undici-types": "~8.9.0"
      }
    },
    "node_modules/@vitejs/plugin-vue": {
      "version": "6.0.9",
      "resolved": "https://registry.npmjs.org/@vitejs/plugin-vue/-/plugin-vue-6.0.9.tgz",
      "integrity": "sha512-rD/MORlhaZMlXWW0rEn4FB4wMinWC0z/D7Ye160S5+Rs1mC8ZDAdcDp4SjKfUhG5t8q1ktcPVw4xuTkPRlzrSA==",
      "license": "MIT",
      "dependencies": {
        "@rolldown/pluginutils": "^1.0.1"
      },
      "engines": {
        "node": "^20.19.0 || >=22.12.0"
      },
      "peerDependencies": {
        "vite": "^5.0.0 || ^6.0.0 || ^7.0.0 || ^8.0.0",
        "vue": "^3.2.25"
      }
    },
    "node_modules/@volar/language-core": {
      "version": "2.4.28",
      "dev": true,
      "license": "MIT",
      "dependencies": {
        "@volar/source-map": "2.4.28"
      }
    },
    "node_modules/@volar/source-map": {
      "version": "2.4.28",
      "dev": true,
      "license": "MIT"
    },
    "node_modules/@volar/typescript": {
      "version": "2.4.28",
      "dev": true,
      "license": "MIT",
      "dependencies": {
        "@volar/language-core": "2.4.28",
        "path-browserify": "^1.0.1",
        "vscode-uri": "^3.0.8"
      }
    },
    "node_modules/@vue-macros/common": {
      "version": "3.1.4",
      "license": "MIT",
      "dependencies": {
        "@vue/compiler-sfc": "^3.5.22",
        "ast-kit": "^2.1.2",
        "local-pkg": "^1.1.2",
        "magic-string-ast": "^1.0.2",
        "unplugin-utils": "^0.3.0"
      },
      "engines": {
        "node": ">=20.19.0"
      },
      "funding": {
        "url": "https://github.com/sponsors/vue-macros"
      },
      "peerDependencies": {
        "vue": "^2.7.0 || ^3.2.25"
      },
      "peerDependenciesMeta": {
        "vue": {
          "optional": true
        }
      }
    },
    "node_modules/@vue/compiler-core": {
      "version": "3.5.43",
      "license": "MIT",
      "dependencies": {
        "@babel/parser": "^7.29.8",
        "@vue/shared": "3.5.43",
        "entities": "^7.0.1",
        "estree-walker": "^2.0.2",
        "source-map-js": "^1.2.1"
      }
    },
    "node_modules/@vue/compiler-dom": {
      "version": "3.5.43",
      "license": "MIT",
      "dependencies": {
        "@vue/compiler-core": "3.5.43",
        "@vue/shared": "3.5.43"
      }
    },
    "node_modules/@vue/compiler-sfc": {
      "version": "3.5.43",
      "license": "MIT",
      "dependencies": {
        "@babel/parser": "^7.29.8",
        "@vue/compiler-core": "3.5.43",
        "@vue/compiler-dom": "3.5.43",
        "@vue/compiler-ssr": "3.5.43",
        "@vue/shared": "3.5.43",
        "estree-walker": "^2.0.2",
        "magic-string": "^0.30.21",
        "postcss": "^8.5.28",
        "source-map-js": "^1.2.1"
      }
    },
    "node_modules/@vue/compiler-ssr": {
      "version": "3.5.43",
      "license": "MIT",
      "dependencies": {
        "@vue/compiler-dom": "3.5.43",
        "@vue/shared": "3.5.43"
      }
    },
    "node_modules/@vue/devtools-api": {
      "version": "8.2.1",
      "license": "MIT",
      "dependencies": {
        "@vue/devtools-kit": "^8.2.1"
      }
    },
    "node_modules/@vue/devtools-kit": {
      "version": "8.2.1",
      "license": "MIT",
      "dependencies": {
        "@vue/devtools-shared": "^8.2.1",
        "birpc": "^2.6.1",
        "hookable": "^5.5.3",
        "perfect-debounce": "^2.0.0"
      }
    },
    "node_modules/@vue/devtools-shared": {
      "version": "8.2.1",
      "license": "MIT"
    },
    "node_modules/@vue/language-core": {
      "version": "3.3.12",
      "dev": true,
      "license": "MIT",
      "dependencies": {
        "@volar/language-core": "2.4.28",
        "@vue/compiler-dom": "^3.5.0",
        "@vue/shared": "^3.5.0",
        "alien-signals": "^3.2.1",
        "muggle-string": "^0.4.1",
        "path-browserify": "^1.0.1",
        "picomatch": "^4.0.4"
      }
    },
    "node_modules/@vue/reactivity": {
      "version": "3.5.43",
      "license": "MIT",
      "dependencies": {
        "@vue/shared": "3.5.43"
      }
    },
    "node_modules/@vue/runtime-core": {
      "version": "3.5.43",
      "license": "MIT",
      "dependencies": {
        "@vue/reactivity": "3.5.43",
        "@vue/shared": "3.5.43"
      }
    },
    "node_modules/@vue/runtime-dom": {
      "version": "3.5.43",
      "license": "MIT",
      "dependencies": {
        "@vue/reactivity": "3.5.43",
        "@vue/runtime-core": "3.5.43",
        "@vue/shared": "3.5.43",
        "csstype": "^3.2.3"
      }
    },
    "node_modules/@vue/server-renderer": {
      "version": "3.5.43",
      "license": "MIT",
      "dependencies": {
        "@vue/compiler-ssr": "3.5.43",
        "@vue/runtime-dom": "3.5.43",
        "@vue/shared": "3.5.43"
      }
    },
    "node_modules/@vue/shared": {
      "version": "3.5.43",
      "license": "MIT"
    },
    "node_modules/acorn": {
      "version": "8.18.0",
      "license": "MIT",
      "bin": {
        "acorn": "bin/acorn"
      },
      "engines": {
        "node": ">=0.4.0"
      }
    },
    "node_modules/alien-signals": {
      "version": "3.2.1",
      "dev": true,
      "license": "MIT"
    },
    "node_modules/ast-kit": {
      "version": "2.2.0",
      "license": "MIT",
      "dependencies": {
        "@babel/parser": "^7.28.5",
        "pathe": "^2.0.3"
      },
      "engines": {
        "node": ">=20.19.0"
      },
      "funding": {
        "url": "https://github.com/sponsors/sxzz"
      }
    },
    "node_modules/ast-walker-scope": {
      "version": "0.9.0",
      "license": "MIT",
      "dependencies": {
        "@babel/parser": "^7.29.2",
        "@babel/types": "^7.29.0",
        "ast-kit": "^2.2.0"
      },
      "engines": {
        "node": ">=20.19.0"
      },
      "funding": {
        "url": "https://github.com/sponsors/sxzz"
      }
    },
    "node_modules/birpc": {
      "version": "2.9.0",
      "license": "MIT",
      "funding": {
        "url": "https://github.com/sponsors/antfu"
      }
    },
    "node_modules/chokidar": {
      "version": "5.0.0",
      "license": "MIT",
      "dependencies": {
        "readdirp": "^5.0.0"
      },
      "engines": {
        "node": ">= 20.19.0"
      },
      "funding": {
        "url": "https://paulmillr.com/funding/"
      }
    },
    "node_modules/confbox": {
      "version": "0.2.4",
      "license": "MIT"
    },
    "node_modules/csstype": {
      "version": "3.2.3",
      "license": "MIT"
    },
    "node_modules/detect-libc": {
      "version": "2.1.2",
      "license": "Apache-2.0",
      "engines": {
        "node": ">=8"
      }
    },
    "node_modules/entities": {
      "version": "7.0.1",
      "license": "BSD-2-Clause",
      "engines": {
        "node": ">=0.12"
      },
      "funding": {
        "url": "https://github.com/fb55/entities?sponsor=1"
      }
    },
    "node_modules/estree-walker": {
      "version": "2.0.2",
      "license": "MIT"
    },
    "node_modules/exsolve": {
      "version": "1.1.3",
      "license": "MIT"
    },
    "node_modules/fdir": {
      "version": "6.5.0",
      "license": "MIT",
      "engines": {
        "node": ">=12.0.0"
      },
      "peerDependencies": {
        "picomatch": "^3 || ^4"
      },
      "peerDependenciesMeta": {
        "picomatch": {
          "optional": true
        }
      }
    },
    "node_modules/fsevents": {
      "version": "2.3.3",
      "license": "MIT",
      "optional": true,
      "os": [
        "darwin"
      ],
      "engines": {
        "node": "^8.16.0 || ^10.6.0 || >=11.0.0"
      }
    },
    "node_modules/hookable": {
      "version": "5.5.3",
      "license": "MIT"
    },
    "node_modules/lightningcss": {
      "version": "1.33.0",
      "license": "MPL-2.0",
      "dependencies": {
        "detect-libc": "^2.0.3"
      },
      "engines": {
        "node": ">= 12.0.0"
      },
      "funding": {
        "type": "opencollective",
        "url": "https://opencollective.com/parcel"
      },
      "optionalDependencies": {
        "lightningcss-android-arm64": "1.33.0",
        "lightningcss-darwin-arm64": "1.33.0",
        "lightningcss-darwin-x64": "1.33.0",
        "lightningcss-freebsd-x64": "1.33.0",
        "lightningcss-linux-arm-gnueabihf": "1.33.0",
        "lightningcss-linux-arm64-gnu": "1.33.0",
        "lightningcss-linux-arm64-musl": "1.33.0",
        "lightningcss-linux-x64-gnu": "1.33.0",
        "lightningcss-linux-x64-musl": "1.33.0",
        "lightningcss-win32-arm64-msvc": "1.33.0",
        "lightningcss-win32-x64-msvc": "1.33.0"
      }
    },
    "node_modules/lightningcss-darwin-arm64": {
      "version": "1.33.0",
      "cpu": [
        "arm64"
      ],
      "license": "MPL-2.0",
      "optional": true,
      "os": [
        "darwin"
      ],
      "engines": {
        "node": ">= 12.0.0"
      },
      "funding": {
        "type": "opencollective",
        "url": "https://opencollective.com/parcel"
      }
    },
    "node_modules/local-pkg": {
      "version": "1.2.1",
      "license": "MIT",
      "dependencies": {
        "mlly": "^1.7.4",
        "pkg-types": "^2.3.0",
        "quansync": "^0.2.11"
      },
      "engines": {
        "node": ">=14"
      },
      "funding": {
        "url": "https://github.com/sponsors/antfu"
      }
    },
    "node_modules/lucide-vue-next": {
      "version": "1.0.0",
      "resolved": "https://registry.npmjs.org/lucide-vue-next/-/lucide-vue-next-1.0.0.tgz",
      "integrity": "sha512-V6SPvx1IHTj/UY+FrIYWV5faISsPSb8BnWSFDxAtezWKvWc9ZZ40PDrdu1/Qb5vg4lHWr1hs1BAMGVGm6V1Xdg==",
      "deprecated": "Package deprecated. Please use @lucide/vue instead.",
      "license": "ISC",
      "peerDependencies": {
        "vue": ">=3.0.1"
      }
    },
    "node_modules/magic-string": {
      "version": "0.30.21",
      "license": "MIT",
      "dependencies": {
        "@jridgewell/sourcemap-codec": "^1.5.5"
      }
    },
    "node_modules/magic-string-ast": {
      "version": "1.0.3",
      "license": "MIT",
      "dependencies": {
        "magic-string": "^0.30.19"
      },
      "engines": {
        "node": ">=20.19.0"
      },
      "funding": {
        "url": "https://github.com/sponsors/sxzz"
      }
    },
    "node_modules/mlly": {
      "version": "1.8.2",
      "license": "MIT",
      "dependencies": {
        "acorn": "^8.16.0",
        "pathe": "^2.0.3",
        "pkg-types": "^1.3.1",
        "ufo": "^1.6.3"
      }
    },
    "node_modules/mlly/node_modules/confbox": {
      "version": "0.1.8",
      "license": "MIT"
    },
    "node_modules/mlly/node_modules/pkg-types": {
      "version": "1.3.1",
      "license": "MIT",
      "dependencies": {
        "confbox": "^0.1.8",
        "mlly": "^1.7.4",
        "pathe": "^2.0.1"
      }
    },
    "node_modules/muggle-string": {
      "version": "0.4.1",
      "license": "MIT"
    },
    "node_modules/nanoid": {
      "version": "3.3.19",
      "funding": [
        {
          "type": "github",
          "url": "https://github.com/sponsors/ai"
        }
      ],
      "license": "MIT",
      "bin": {
        "nanoid": "bin/nanoid.cjs"
      },
      "engines": {
        "node": "^10 || ^12 || ^13.7 || ^14 || >=15.0.1"
      }
    },
    "node_modules/nostics": {
      "version": "1.3.0",
      "license": "MIT"
    },
    "node_modules/path-browserify": {
      "version": "1.0.1",
      "dev": true,
      "license": "MIT"
    },
    "node_modules/pathe": {
      "version": "2.0.3",
      "license": "MIT"
    },
    "node_modules/perfect-debounce": {
      "version": "2.1.0",
      "license": "MIT"
    },
    "node_modules/picocolors": {
      "version": "1.1.1",
      "license": "ISC"
    },
    "node_modules/picomatch": {
      "version": "4.0.7",
      "license": "MIT",
      "engines": {
        "node": ">=12"
      },
      "funding": {
        "url": "https://github.com/sponsors/jonschlinkert"
      }
    },
    "node_modules/pinia": {
      "version": "4.0.3",
      "resolved": "https://registry.npmjs.org/pinia/-/pinia-4.0.3.tgz",
      "integrity": "sha512-XMQqpvjgG7LMqVhhFUzKLT4KEbsYbfZZ0CZU9PgdFm1O2VKBmIkykL8+SfNhOaT7sR0wT6BEgKT0YNDYWgmVRA==",
      "license": "MIT",
      "dependencies": {
        "nostics": "^1.1.4"
      },
      "funding": {
        "url": "https://github.com/sponsors/posva"
      },
      "peerDependencies": {
        "@vue/devtools-api": "^8.1.5",
        "typescript": ">=5.6.0",
        "vue": "^3.5.11"
      },
      "peerDependenciesMeta": {
        "@vue/devtools-api": {
          "optional": false
        },
        "typescript": {
          "optional": true
        }
      }
    },
    "node_modules/pkg-types": {
      "version": "2.3.3",
      "license": "MIT",
      "dependencies": {
        "confbox": "^0.3.1",
        "exsolve": "^1.1.1",
        "pathe": "^2.0.3"
      }
    },
    "node_modules/pkg-types/node_modules/confbox": {
      "version": "0.3.1",
      "license": "MIT"
    },
    "node_modules/postcss": {
      "version": "8.5.28",
      "funding": [
        {
          "type": "opencollective",
          "url": "https://opencollective.com/postcss/"
        },
        {
          "type": "tidelift",
          "url": "https://tidelift.com/funding/github/npm/postcss"
        },
        {
          "type": "github",
          "url": "https://github.com/sponsors/ai"
        }
      ],
      "license": "MIT",
      "dependencies": {
        "nanoid": "^3.3.18",
        "picocolors": "^1.1.1",
        "source-map-js": "^1.2.1"
      },
      "engines": {
        "node": "^10 || ^12 || >=14"
      }
    },
    "node_modules/quansync": {
      "version": "0.2.11",
      "funding": [
        {
          "type": "individual",
          "url": "https://github.com/sponsors/antfu"
        },
        {
          "type": "individual",
          "url": "https://github.com/sponsors/sxzz"
        }
      ],
      "license": "MIT"
    },
    "node_modules/readdirp": {
      "version": "5.1.1",
      "license": "MIT",
      "engines": {
        "node": ">= 20.19.0"
      },
      "funding": {
        "type": "individual",
        "url": "https://paulmillr.com/funding/"
      }
    },
    "node_modules/rolldown": {
      "version": "1.2.12",
      "license": "MIT",
      "dependencies": {
        "@oxc-project/types": "=0.152.0",
        "@rolldown/pluginutils": "^1.0.0"
      },
      "bin": {
        "rolldown": "bin/cli.mjs"
      },
      "engines": {
        "node": "^20.19.0 || >=22.12.0"
      },
      "optionalDependencies": {
        "@rolldown/binding-android-arm-eabi": "1.2.12",
        "@rolldown/binding-android-arm64": "1.2.12",
        "@rolldown/binding-darwin-arm64": "1.2.12",
        "@rolldown/binding-darwin-x64": "1.2.12",
        "@rolldown/binding-freebsd-x64": "1.2.12",
        "@rolldown/binding-linux-arm-gnueabihf": "1.2.12",
        "@rolldown/binding-linux-arm64-gnu": "1.2.12",
        "@rolldown/binding-linux-arm64-musl": "1.2.12",
        "@rolldown/binding-linux-ppc64-gnu": "1.2.12",
        "@rolldown/binding-linux-s390x-gnu": "1.2.12",
        "@rolldown/binding-linux-x64-gnu": "1.2.12",
        "@rolldown/binding-linux-x64-musl": "1.2.12",
        "@rolldown/binding-openharmony-arm64": "1.2.12",
        "@rolldown/binding-win32-arm64-msvc": "1.2.12",
        "@rolldown/binding-win32-x64-msvc": "1.2.12"
      }
    },
    "node_modules/scule": {
      "version": "1.3.0",
      "license": "MIT"
    },
    "node_modules/source-map-js": {
      "version": "1.2.2",
      "license": "BSD-3-Clause",
      "engines": {
        "node": ">=0.10.0"
      }
    },
    "node_modules/sweetalert2": {
      "version": "11.26.25",
      "resolved": "https://registry.npmjs.org/sweetalert2/-/sweetalert2-11.26.25.tgz",
      "integrity": "sha512-+hunCOJdJ6FLj04T9YSLvvZXRjsvIkTeTKP2e4VF8CaBias961BTnWiSFAy7F/CM5eq3QK2Rraoc5Gzftslvkg==",
      "license": "MIT",
      "funding": {
        "type": "individual",
        "url": "https://github.com/sponsors/limonte"
      }
    },
    "node_modules/tinyglobby": {
      "version": "0.2.17",
      "license": "MIT",
      "dependencies": {
        "fdir": "^6.5.0",
        "picomatch": "^4.0.4"
      },
      "engines": {
        "node": ">=12.0.0"
      },
      "funding": {
        "url": "https://github.com/sponsors/SuperchupuDev"
      }
    },
    "node_modules/typescript": {
      "version": "6.0.3",
      "resolved": "https://registry.npmjs.org/typescript/-/typescript-6.0.3.tgz",
      "integrity": "sha512-y2TvuxSZPDyQakkFRPZHKFm+KKVqIisdg9/CZwm9ftvKXLP8NRWj38/ODjNbr43SsoXqNuAisEf1GdCxqWcdBw==",
      "license": "Apache-2.0",
      "bin": {
        "tsc": "bin/tsc",
        "tsserver": "bin/tsserver"
      },
      "engines": {
        "node": ">=14.17"
      }
    },
    "node_modules/ufo": {
      "version": "1.6.4",
      "license": "MIT"
    },
    "node_modules/undici-types": {
      "version": "8.9.0",
      "license": "MIT",
      "optional": true,
      "peer": true
    },
    "node_modules/unplugin": {
      "version": "3.4.0",
      "license": "MIT",
      "dependencies": {
        "@jridgewell/remapping": "^2.3.5",
        "picomatch": "^4.0.7",
        "webpack-virtual-modules": "^0.6.2"
      },
      "engines": {
        "node": "^20.19.0 || >=22.12.0"
      },
      "peerDependencies": {
        "@farmfe/core": "*",
        "@rsbuild/core": "*",
        "@rspack/core": "*",
        "bun-types-no-globals": "*",
        "esbuild": "*",
        "rolldown": "*",
        "rollup": "*",
        "unloader": "*",
        "vite": "*",
        "webpack": "*"
      },
      "peerDependenciesMeta": {
        "@farmfe/core": {
          "optional": true
        },
        "@rsbuild/core": {
          "optional": true
        },
        "@rspack/core": {
          "optional": true
        },
        "bun-types-no-globals": {
          "optional": true
        },
        "esbuild": {
          "optional": true
        },
        "rolldown": {
          "optional": true
        },
        "rollup": {
          "optional": true
        },
        "unloader": {
          "optional": true
        },
        "vite": {
          "optional": true
        },
        "webpack": {
          "optional": true
        }
      }
    },
    "node_modules/unplugin-utils": {
      "version": "0.3.2",
      "license": "MIT",
      "dependencies": {
        "pathe": "^2.0.3",
        "picomatch": "^4.0.4"
      },
      "engines": {
        "node": ">=20.19.0"
      },
      "funding": {
        "url": "https://github.com/sponsors/sxzz"
      }
    },
    "node_modules/vite": {
      "version": "8.3.2",
      "resolved": "https://registry.npmjs.org/vite/-/vite-8.3.2.tgz",
      "integrity": "sha512-SQr1x6W5vVSbROg7vsyXIaxK9b0G7zsT68acdWWRmnBUsgDieLCRG+Rep9WdZgcposvv/GSnr4GUUBqB3vXq6w==",
      "license": "MIT",
      "dependencies": {
        "lightningcss": "^1.33.0",
        "picomatch": "^4.0.7",
        "postcss": "^8.5.28",
        "rolldown": "~1.2.11",
        "tinyglobby": "^0.2.17"
      },
      "bin": {
        "vite": "bin/vite.js"
      },
      "engines": {
        "node": "^20.19.0 || >=22.12.0"
      },
      "funding": {
        "url": "https://github.com/vitejs/vite?sponsor=1"
      },
      "optionalDependencies": {
        "fsevents": "~2.3.3"
      },
      "peerDependencies": {
        "@types/node": "^20.19.0 || >=22.12.0",
        "@vitejs/devtools": "^0.7.1",
        "esbuild": "^0.27.0 || ^0.28.0",
        "jiti": ">=1.21.0",
        "less": "^4.0.0",
        "sass": "^1.70.0",
        "sass-embedded": "^1.70.0",
        "stylus": ">=0.54.8",
        "sugarss": "^5.0.0",
        "terser": "^5.16.0",
        "tsx": "^4.8.1",
        "yaml": "^2.4.2"
      },
      "peerDependenciesMeta": {
        "@types/node": {
          "optional": true
        },
        "@vitejs/devtools": {
          "optional": true
        },
        "esbuild": {
          "optional": true
        },
        "jiti": {
          "optional": true
        },
        "less": {
          "optional": true
        },
        "sass": {
          "optional": true
        },
        "sass-embedded": {
          "optional": true
        },
        "stylus": {
          "optional": true
        },
        "sugarss": {
          "optional": true
        },
        "terser": {
          "optional": true
        },
        "tsx": {
          "optional": true
        },
        "yaml": {
          "optional": true
        }
      }
    },
    "node_modules/vscode-uri": {
      "version": "3.2.0",
      "dev": true,
      "license": "MIT"
    },
    "node_modules/vue": {
      "version": "3.5.43",
      "resolved": "https://registry.npmjs.org/vue/-/vue-3.5.43.tgz",
      "integrity": "sha512-o5qZoksdnjIKvW1srZ3ab7pcDNYAerBjRe54D0LBLfRdCYFrSgBHVXokMas35czQc0//lmx4/tuY4ZNQ+Rf2Ng==",
      "license": "MIT",
      "dependencies": {
        "@vue/compiler-dom": "3.5.43",
        "@vue/compiler-sfc": "3.5.43",
        "@vue/runtime-dom": "3.5.43",
        "@vue/server-renderer": "3.5.43",
        "@vue/shared": "3.5.43"
      },
      "peerDependencies": {
        "typescript": "*"
      },
      "peerDependenciesMeta": {
        "typescript": {
          "optional": true
        }
      }
    },
    "node_modules/vue-i18n": {
      "version": "11.1.12",
      "resolved": "https://registry.npmjs.org/vue-i18n/-/vue-i18n-11.1.12.tgz",
      "integrity": "sha512-BnstPj3KLHLrsqbVU2UOrPmr0+Mv11bsUZG0PyCOzsawCivk8W00GMXHeVUWIDOgNaScCuZah47CZFE+Wnl8mw==",
      "deprecated": "This version is NOT deprecated. Previous deprecation was a mistake.",
      "license": "MIT",
      "dependencies": {
        "@intlify/core-base": "11.1.12",
        "@intlify/shared": "11.1.12",
        "@vue/devtools-api": "^6.5.0"
      },
      "engines": {
        "node": ">= 16"
      },
      "funding": {
        "url": "https://github.com/sponsors/kazupon"
      },
      "peerDependencies": {
        "vue": "^3.0.0"
      }
    },
    "node_modules/vue-i18n/node_modules/@vue/devtools-api": {
      "version": "6.6.4",
      "resolved": "https://registry.npmjs.org/@vue/devtools-api/-/devtools-api-6.6.4.tgz",
      "integrity": "sha512-sGhTPMuXqZ1rVOk32RylztWkfXTRhuS7vgAKv0zjqk8gbsHkJ7xfFf+jbySxt7tWObEJwyKaHMikV/WGDiQm8g==",
      "license": "MIT"
    },
    "node_modules/vue-router": {
      "version": "5.3.1",
      "resolved": "https://registry.npmjs.org/vue-router/-/vue-router-5.3.1.tgz",
      "integrity": "sha512-GDBZzgmILxA/kFnkFbJjQZdZ2QQbngnIMMuoUcjhZIfH1RGMaPjPwX5ASnV38qamuA9uhO0RDjSBHTDNG2uXyQ==",
      "license": "MIT",
      "dependencies": {
        "@vue-macros/common": "^3.1.3",
        "@vue/devtools-api": "^8.1.5",
        "ast-walker-scope": "^0.9.0",
        "chokidar": "^5.0.0",
        "confbox": "^0.2.4",
        "local-pkg": "^1.2.1",
        "magic-string": "^0.30.21",
        "mlly": "^1.8.2",
        "muggle-string": "^0.4.1",
        "nostics": "^1.1.4",
        "pathe": "^2.0.3",
        "picomatch": "^4.0.5",
        "scule": "^1.3.0",
        "tinyglobby": "^0.2.17",
        "unplugin": "^3.3.0",
        "unplugin-utils": "^0.3.2"
      },
      "funding": {
        "url": "https://github.com/sponsors/posva"
      },
      "peerDependencies": {
        "@pinia/colada": ">=0.21.2",
        "@vue/compiler-sfc": "^3.5.34 || ^4.0.0",
        "pinia": "^3.0.4 || ^4.0.2",
        "vite": "^7.3.0 || ^8.0.0",
        "vue": "^3.5.34 || ^4.0.0"
      },
      "peerDependenciesMeta": {
        "@pinia/colada": {
          "optional": true
        },
        "@vue/compiler-sfc": {
          "optional": true
        },
        "pinia": {
          "optional": true
        },
        "vite": {
          "optional": true
        }
      }
    },
    "node_modules/vue-tsc": {
      "version": "3.3.12",
      "resolved": "https://registry.npmjs.org/vue-tsc/-/vue-tsc-3.3.12.tgz",
      "integrity": "sha512-kbpaz18O9jPVkXVHD1BEjpUXM6WhXSu+62L1sGGr6Wbzd8GbvkBQWjoj3KZ/C0aq2MZllce7UdtWzwCIYsBMGA==",
      "dev": true,
      "license": "MIT",
      "dependencies": {
        "@volar/typescript": "2.4.28",
        "@vue/language-core": "3.3.12"
      },
      "bin": {
        "vue-tsc": "bin/vue-tsc.js"
      },
      "peerDependencies": {
        "typescript": ">=5.0.0"
      }
    },
    "node_modules/webpack-virtual-modules": {
      "version": "0.6.2",
      "license": "MIT"
    }
  }
}
